// !$*UTF8*$!
{
	archiveVersion = 1;
	classes = {
	};
	objectVersion = 63;
	objects = {

/* Begin PBXBuildFile section */
		000CC2A3B7490B3336A542B2 /* RuleSettingsView.swift in Sources */ = {isa = PBXBuildFile; fileRef = E2E17F950BAB90799F5D6CEE /* RuleSettingsView.swift */; };
		0A51A5C805AD7B89B9629632 /* layout_hwatu.json in Resources */ = {isa = PBXBuildFile; fileRef = 7FBDDC028B566FC10259D51C /* layout_hwatu.json */; };
		0B20DD2801F7CBBF74EA9F8E /* Player.swift in Sources */ = {isa = PBXBuildFile; fileRef = 8D300F3C280AF301436D8732 /* Player.swift */; };
		0BA4CE481822C60C3B313B0F /* Yams in Frameworks */ = {isa = PBXBuildFile; productRef = 782B42C2325803807AC3EBC4 /* Yams */; };
		13AA39B13AD565444986FE26 /* rule.yaml in Resources */ = {isa = PBXBuildFile; fileRef = B5F77E3038A87D0684F2961D /* rule.yaml */; };
		1447E916E4EEA0AB610C9DAC /* layout_hwatu.json in Resources */ = {isa = PBXBuildFile; fileRef = 7FBDDC028B566FC10259D51C /* layout_hwatu.json */; };
		191BB9B8BDE5DDAE9E15BE36 /* Player.swift in Sources */ = {isa = PBXBuildFile; fileRef = 8D300F3C280AF301436D8732 /* Player.swift */; };
		1C3280E8402A7ECBDC98D1BA /* DebugLayoutOverlayV2.swift in Sources */ = {isa = PBXBuildFile; fileRef = E6121B38C070C592434D33A1 /* DebugLayoutOverlayV2.swift */; };
		2213E7E34BA30D7E97366273 /* Pixel_Paradise_Groove.mp3 in Resources */ = {isa = PBXBuildFile; fileRef = FDF9B6B8094E7BBA663D7D0E /* Pixel_Paradise_Groove.mp3 */; };
		23D2B878BF856936154BE3BC /* GoStopTests.swift in Sources */ = {isa = PBXBuildFile; fileRef = 1D8325DC94A43A7AB5739F02 /* GoStopTests.swift */; };
		29E2F53E72ED922B7A2956C2 /* LayoutContext.swift in Sources */ = {isa = PBXBuildFile; fileRef = 08DC9353031FD0D4F7EDF917 /* LayoutContext.swift */; };
		2A99D27AFA716635BD8BC829 /* AudioManager.swift in Sources */ = {isa = PBXBuildFile; fileRef = 40A8AF9CA959E19695C3C65E /* AudioManager.swift */; };
		333625062232E46D6E78948F /* PlayerHandSlotManager.swift in Sources */ = {isa = PBXBuildFile; fileRef = CB1897B0ADA42D7A7EEFCE34 /* PlayerHandSlotManager.swift */; };
		33B94FCF62AD0125A4518094 /* PenaltySystem.swift in Sources */ = {isa = PBXBuildFile; fileRef = E5D75C2B31530E390EDEB760 /* PenaltySystem.swift */; };
		37977AD098390474259748DB /* main.swift in Sources */ = {isa = PBXBuildFile; fileRef = 159C810168F262CE9273796F /* main.swift */; };
		382086F1D4678D7A44AFEE6E /* rule.yaml in Resources */ = {isa = PBXBuildFile; fileRef = B5F77E3038A87D0684F2961D /* rule.yaml */; };
		541288BE1C1519BE2B7AE083 /* ConfigManager.swift in Sources */ = {isa = PBXBuildFile; fileRef = 2857725433426BA8E4DE2D7C /* ConfigManager.swift */; };
		57E27E35C2BE9FD52C7DAA0E /* GameManager.swift in Sources */ = {isa = PBXBuildFile; fileRef = 116C189429DB2067520A3E08 /* GameManager.swift */; };
		59AAB1C8D0D8BED80BEFA314 /* GoStopApp.swift in Sources */ = {isa = PBXBuildFile; fileRef = 7012D53468CE7DEC0511F7AE /* GoStopApp.swift */; };
		5B299B27BA991E7E6C90AC94 /* PenaltySystem.swift in Sources */ = {isa = PBXBuildFile; fileRef = E5D75C2B31530E390EDEB760 /* PenaltySystem.swift */; };
		5B5DD40D481D19BFC2AFB9EC /* TableSlotManager.swift in Sources */ = {isa = PBXBuildFile; fileRef = 8B21CE98829137B4CABB2EDC /* TableSlotManager.swift */; };
		5E0C21BF00A4D5D5A32CBB78 /* SimulatorBridge.swift in Sources */ = {isa = PBXBuildFile; fileRef = 7B4991ECE6869B1AF81B963F /* SimulatorBridge.swift */; };
		60B025C8886D9FE3C4D8B010 /* ConfigManager.swift in Sources */ = {isa = PBXBuildFile; fileRef = 2857725433426BA8E4DE2D7C /* ConfigManager.swift */; };
		621E32AC8A5257900A991AC4 /* PlayerHandSlotManager.swift in Sources */ = {isa = PBXBuildFile; fileRef = CB1897B0ADA42D7A7EEFCE34 /* PlayerHandSlotManager.swift */; };
		62FCE0F439432138C743176A /* ContentView.swift in Sources */ = {isa = PBXBuildFile; fileRef = B8C0FD4111DFE67FB4B8757A /* ContentView.swift */; };
		7191E1B975ABC707C15A1FF2 /* GameAreaViews.swift in Sources */ = {isa = PBXBuildFile; fileRef = 7A6AE872E752608836265117 /* GameAreaViews.swift */; };
		808657D99FB2F8247B9D373F /* Deck.swift in Sources */ = {isa = PBXBuildFile; fileRef = 2C9DC8F2B463C152AB92172B /* Deck.swift */; };
		89D4C50CC12F800CCB24D5EA /* LayoutConfigV2.swift in Sources */ = {isa = PBXBuildFile; fileRef = 3085BB433FB735CFD683B342 /* LayoutConfigV2.swift */; };
		912AAFDB854A8A756615D5D9 /* DebugEndgameSummaryView.swift in Sources */ = {isa = PBXBuildFile; fileRef = B2494B7B2463310B5E13410E /* DebugEndgameSummaryView.swift */; };
		9EAF94310537CBCB3CE79C2A /* LayoutContext.swift in Sources */ = {isa = PBXBuildFile; fileRef = 08DC9353031FD0D4F7EDF917 /* LayoutContext.swift */; };
		A8E8EE127772993DF00F279D /* LayoutConfigV2.swift in Sources */ = {isa = PBXBuildFile; fileRef = 3085BB433FB735CFD683B342 /* LayoutConfigV2.swift */; };
		ABD95E004FE2778D4B2BFD78 /* AudioManager.swift in Sources */ = {isa = PBXBuildFile; fileRef = 40A8AF9CA959E19695C3C65E /* AudioManager.swift */; };
		ACBB19108BB2F7E1329AB3EA /* Card.swift in Sources */ = {isa = PBXBuildFile; fileRef = 72B2E9B6CA4C4DB8CC0ED986 /* Card.swift */; };
		B0DBC6BF9FCA8453CB3B0FE4 /* LayoutConfig.swift in Sources */ = {isa = PBXBuildFile; fileRef = 5D0615E5D598D1F92B7FAF92 /* LayoutConfig.swift */; };
		B597523E68A8A42654B8DD0F /* GameView.swift in Sources */ = {isa = PBXBuildFile; fileRef = 5BA63E4C6CDD8893D44DEAE5 /* GameView.swift */; };
		B5EED1311F05C120AF7DA6E8 /* Card.swift in Sources */ = {isa = PBXBuildFile; fileRef = 72B2E9B6CA4C4DB8CC0ED986 /* Card.swift */; };
		C4E5C5B23D59D1A9058F7DB5 /* TableSlotManager.swift in Sources */ = {isa = PBXBuildFile; fileRef = 8B21CE98829137B4CABB2EDC /* TableSlotManager.swift */; };
		C6EA8898DE29CBD4BD1297FB /* ScoringSystem.swift in Sources */ = {isa = PBXBuildFile; fileRef = 4C817E2BC7A6C44D1434325E /* ScoringSystem.swift */; };
		C9143D8EC551B67551C39E84 /* Yams in Frameworks */ = {isa = PBXBuildFile; productRef = 0C4B856C14FB1AD4611276B9 /* Yams */; };
		CA5E4294DC9C4A786488AA0C /* ScoringSystem.swift in Sources */ = {isa = PBXBuildFile; fileRef = 4C817E2BC7A6C44D1434325E /* ScoringSystem.swift */; };
		CCC8CAA072A943D537B4AD09 /* SimulatorBridge.swift in Sources */ = {isa = PBXBuildFile; fileRef = 7B4991ECE6869B1AF81B963F /* SimulatorBridge.swift */; };
		D5F056BDDFEC23830D855C8B /* RuleConfig.swift in Sources */ = {isa = PBXBuildFile; fileRef = 81AA898E3DFB3E6CD81BCE89 /* RuleConfig.swift */; };
		D647DAF14263DC898EF7E864 /* RuleConfig.swift in Sources */ = {isa = PBXBuildFile; fileRef = 81AA898E3DFB3E6CD81BCE89 /* RuleConfig.swift */; };
		E10C501280BC9C36380E8474 /* GameManager.swift in Sources */ = {isa = PBXBuildFile; fileRef = 116C189429DB2067520A3E08 /* GameManager.swift */; };
		E7421836888772ACFC22C581 /* replace_images.py in Resources */ = {isa = PBXBuildFile; fileRef = 5ED4756C56D9198EA7BB75DE /* replace_images.py */; };
		E7E1A6CBEEB38C0BD1A1B3C2 /* Deck.swift in Sources */ = {isa = PBXBuildFile; fileRef = 2C9DC8F2B463C152AB92172B /* Deck.swift */; };
		F618CAD8BE7161E2EF105F13 /* Pixel_Paradise_Groove.mp3 in Resources */ = {isa = PBXBuildFile; fileRef = FDF9B6B8094E7BBA663D7D0E /* Pixel_Paradise_Groove.mp3 */; };
		F79C65E2DC08F09BBA61EFE8 /* LayoutConfig.swift in Sources */ = {isa = PBXBuildFile; fileRef = 5D0615E5D598D1F92B7FAF92 /* LayoutConfig.swift */; };
		F95644401EAA22B21356588D /* Assets.xcassets in Resources */ = {isa = PBXBuildFile; fileRef = 4A3C1F6EB55586E9BE2C8E36 /* Assets.xcassets */; };
		FF8FF5B2CD92C35D053EDDDB /* CardView.swift in Sources */ = {isa = PBXBuildFile; fileRef = 74DE360629BC09922C21C6DC /* CardView.swift */; };
/* End PBXBuildFile section */

/* Begin PBXContainerItemProxy section */
		A3EE6C4843153C138A85C0E1 /* PBXContainerItemProxy */ = {
			isa = PBXContainerItemProxy;
			containerPortal = 396C3B9A28819039C2F13C8A /* Project object */;
			proxyType = 1;
			remoteGlobalIDString = A82194C81A40D4649BC7B765;
			remoteInfo = GoStop;
		};
/* End PBXContainerItemProxy section */

/* Begin PBXFileReference section */
		08DC9353031FD0D4F7EDF917 /* LayoutContext.swift */ = {isa = PBXFileReference; lastKnownFileType = sourcecode.swift; path = LayoutContext.swift; sourceTree = "<group>"; };
		1159B74760341B7FD625C040 /* Info.plist */ = {isa = PBXFileReference; lastKnownFileType = text.plist; path = Info.plist; sourceTree = "<group>"; };
		116C189429DB2067520A3E08 /* GameManager.swift */ = {isa = PBXFileReference; lastKnownFileType = sourcecode.swift; path = GameManager.swift; sourceTree = "<group>"; };
		159C810168F262CE9273796F /* main.swift */ = {isa = PBXFileReference; lastKnownFileType = sourcecode.swift; path = main.swift; sourceTree = "<group>"; };
		1D8325DC94A43A7AB5739F02 /* GoStopTests.swift */ = {isa = PBXFileReference; lastKnownFileType = sourcecode.swift; path = GoStopTests.swift; sourceTree = "<group>"; };
		2857725433426BA8E4DE2D7C /* ConfigManager.swift */ = {isa = PBXFileReference; lastKnownFileType = sourcecode.swift; path = ConfigManager.swift; sourceTree = "<group>"; };
		2C9DC8F2B463C152AB92172B /* Deck.swift */ = {isa = PBXFileReference; lastKnownFileType = sourcecode.swift; path = Deck.swift; sourceTree = "<group>"; };
		307B0A27C609202DD546A40A /* GoStopCLI */ = {isa = PBXFileReference; includeInIndex = 0; lastKnownFileType = text; path = GoStopCLI; sourceTree = BUILT_PRODUCTS_DIR; };
		3085BB433FB735CFD683B342 /* LayoutConfigV2.swift */ = {isa = PBXFileReference; lastKnownFileType = sourcecode.swift; path = LayoutConfigV2.swift; sourceTree = "<group>"; };
		40A8AF9CA959E19695C3C65E /* AudioManager.swift */ = {isa = PBXFileReference; lastKnownFileType = sourcecode.swift; path = AudioManager.swift; sourceTree = "<group>"; };
		4A3C1F6EB55586E9BE2C8E36 /* Assets.xcassets */ = {isa = PBXFileReference; lastKnownFileType = folder.assetcatalog; path = Assets.xcassets; sourceTree = "<group>"; };
		4C817E2BC7A6C44D1434325E /* ScoringSystem.swift */ = {isa = PBXFileReference; lastKnownFileType = sourcecode.swift; path = ScoringSystem.swift; sourceTree = "<group>"; };
		5BA63E4C6CDD8893D44DEAE5 /* GameView.swift */ = {isa = PBXFileReference; lastKnownFileType = sourcecode.swift; path = GameView.swift; sourceTree = "<group>"; };
		5D0615E5D598D1F92B7FAF92 /* LayoutConfig.swift */ = {isa = PBXFileReference; lastKnownFileType = sourcecode.swift; path = LayoutConfig.swift; sourceTree = "<group>"; };
		5ED4756C56D9198EA7BB75DE /* replace_images.py */ = {isa = PBXFileReference; lastKnownFileType = text.script.python; path = replace_images.py; sourceTree = "<group>"; };
		7012D53468CE7DEC0511F7AE /* GoStopApp.swift */ = {isa = PBXFileReference; lastKnownFileType = sourcecode.swift; path = GoStopApp.swift; sourceTree = "<group>"; };
		72B2E9B6CA4C4DB8CC0ED986 /* Card.swift */ = {isa = PBXFileReference; lastKnownFileType = sourcecode.swift; path = Card.swift; sourceTree = "<group>"; };
		74DE360629BC09922C21C6DC /* CardView.swift */ = {isa = PBXFileReference; lastKnownFileType = sourcecode.swift; path = CardView.swift; sourceTree = "<group>"; };
		7A6AE872E752608836265117 /* GameAreaViews.swift */ = {isa = PBXFileReference; lastKnownFileType = sourcecode.swift; path = GameAreaViews.swift; sourceTree = "<group>"; };
		7B4991ECE6869B1AF81B963F /* SimulatorBridge.swift */ = {isa = PBXFileReference; lastKnownFileType = sourcecode.swift; path = SimulatorBridge.swift; sourceTree = "<group>"; };
		7FBDDC028B566FC10259D51C /* layout_hwatu.json */ = {isa = PBXFileReference; lastKnownFileType = text.json; path = layout_hwatu.json; sourceTree = "<group>"; };
		81AA898E3DFB3E6CD81BCE89 /* RuleConfig.swift */ = {isa = PBXFileReference; lastKnownFileType = sourcecode.swift; path = RuleConfig.swift; sourceTree = "<group>"; };
		8B21CE98829137B4CABB2EDC /* TableSlotManager.swift */ = {isa = PBXFileReference; lastKnownFileType = sourcecode.swift; path = TableSlotManager.swift; sourceTree = "<group>"; };
		8D300F3C280AF301436D8732 /* Player.swift */ = {isa = PBXFileReference; lastKnownFileType = sourcecode.swift; path = Player.swift; sourceTree = "<group>"; };
		B2494B7B2463310B5E13410E /* DebugEndgameSummaryView.swift */ = {isa = PBXFileReference; lastKnownFileType = sourcecode.swift; path = DebugEndgameSummaryView.swift; sourceTree = "<group>"; };
		B5F77E3038A87D0684F2961D /* rule.yaml */ = {isa = PBXFileReference; lastKnownFileType = text.yaml; path = rule.yaml; sourceTree = "<group>"; };
		B67ACAB0F7C90D1925FA8BC6 /* GoStopTests.xctest */ = {isa = PBXFileReference; includeInIndex = 0; lastKnownFileType = wrapper.cfbundle; path = GoStopTests.xctest; sourceTree = BUILT_PRODUCTS_DIR; };
		B8C0FD4111DFE67FB4B8757A /* ContentView.swift */ = {isa = PBXFileReference; lastKnownFileType = sourcecode.swift; path = ContentView.swift; sourceTree = "<group>"; };
		CB1897B0ADA42D7A7EEFCE34 /* PlayerHandSlotManager.swift */ = {isa = PBXFileReference; lastKnownFileType = sourcecode.swift; path = PlayerHandSlotManager.swift; sourceTree = "<group>"; };
		E2E17F950BAB90799F5D6CEE /* RuleSettingsView.swift */ = {isa = PBXFileReference; lastKnownFileType = sourcecode.swift; path = RuleSettingsView.swift; sourceTree = "<group>"; };
		E5D75C2B31530E390EDEB760 /* PenaltySystem.swift */ = {isa = PBXFileReference; lastKnownFileType = sourcecode.swift; path = PenaltySystem.swift; sourceTree = "<group>"; };
		E6121B38C070C592434D33A1 /* DebugLayoutOverlayV2.swift */ = {isa = PBXFileReference; lastKnownFileType = sourcecode.swift; path = DebugLayoutOverlayV2.swift; sourceTree = "<group>"; };
		E802832BAB9D5CCCB8D64414 /* GoStop.app */ = {isa = PBXFileReference; explicitFileType = wrapper.application; includeInIndex = 0; path = GoStop.app; sourceTree = BUILT_PRODUCTS_DIR; };
		FDF9B6B8094E7BBA663D7D0E /* Pixel_Paradise_Groove.mp3 */ = {isa = PBXFileReference; lastKnownFileType = audio.mp3; path = Pixel_Paradise_Groove.mp3; sourceTree = "<group>"; };
/* End PBXFileReference section */

/* Begin PBXFrameworksBuildPhase section */
		4D2D7874BD86DC1F4509E95F /* Frameworks */ = {
			isa = PBXFrameworksBuildPhase;
			buildActionMask = 2147483647;
			files = (
				C9143D8EC551B67551C39E84 /* Yams in Frameworks */,
			);
			runOnlyForDeploymentPostprocessing = 0;
		};
		B45960CB9F2CF4794C787233 /* Frameworks */ = {
			isa = PBXFrameworksBuildPhase;
			buildActionMask = 2147483647;
			files = (
				0BA4CE481822C60C3B313B0F /* Yams in Frameworks */,
			);
			runOnlyForDeploymentPostprocessing = 0;
		};
/* End PBXFrameworksBuildPhase section */

/* Begin PBXGroup section */
		39787C496A85E0AEDF6DA440 /* Views */ = {
			isa = PBXGroup;
			children = (
				74DE360629BC09922C21C6DC /* CardView.swift */,
				B2494B7B2463310B5E13410E /* DebugEndgameSummaryView.swift */,
				E6121B38C070C592434D33A1 /* DebugLayoutOverlayV2.swift */,
				7A6AE872E752608836265117 /* GameAreaViews.swift */,
				5BA63E4C6CDD8893D44DEAE5 /* GameView.swift */,
				E2E17F950BAB90799F5D6CEE /* RuleSettingsView.swift */,
			);
			path = Views;
			sourceTree = "<group>";
		};
		4324CA91F53CA59ECA362D5C /* GoStopTests */ = {
			isa = PBXGroup;
			children = (
				1D8325DC94A43A7AB5739F02 /* GoStopTests.swift */,
			);
			path = GoStopTests;
			sourceTree = "<group>";
		};
		4CB2446D2E2CFC1A122EFBB4 /* Products */ = {
			isa = PBXGroup;
			children = (
				E802832BAB9D5CCCB8D64414 /* GoStop.app */,
				307B0A27C609202DD546A40A /* GoStopCLI */,
				B67ACAB0F7C90D1925FA8BC6 /* GoStopTests.xctest */,
			);
			name = Products;
			sourceTree = "<group>";
		};
		53C4E3404BDA3921EE5B0201 /* Core */ = {
			isa = PBXGroup;
			children = (
				40A8AF9CA959E19695C3C65E /* AudioManager.swift */,
				2857725433426BA8E4DE2D7C /* ConfigManager.swift */,
				116C189429DB2067520A3E08 /* GameManager.swift */,
				08DC9353031FD0D4F7EDF917 /* LayoutContext.swift */,
				E5D75C2B31530E390EDEB760 /* PenaltySystem.swift */,
				CB1897B0ADA42D7A7EEFCE34 /* PlayerHandSlotManager.swift */,
				4C817E2BC7A6C44D1434325E /* ScoringSystem.swift */,
				7B4991ECE6869B1AF81B963F /* SimulatorBridge.swift */,
				8B21CE98829137B4CABB2EDC /* TableSlotManager.swift */,
			);
			path = Core;
			sourceTree = "<group>";
		};
		A6E60CE93D76969F0E23DBF7 /* Models */ = {
			isa = PBXGroup;
			children = (
				72B2E9B6CA4C4DB8CC0ED986 /* Card.swift */,
				2C9DC8F2B463C152AB92172B /* Deck.swift */,
				5D0615E5D598D1F92B7FAF92 /* LayoutConfig.swift */,
				3085BB433FB735CFD683B342 /* LayoutConfigV2.swift */,
				8D300F3C280AF301436D8732 /* Player.swift */,
				81AA898E3DFB3E6CD81BCE89 /* RuleConfig.swift */,
			);
			path = Models;
			sourceTree = "<group>";
		};
		B1A19B794E9508A21B11D25C = {
			isa = PBXGroup;
			children = (
				DB5D0F23A6190328CF3C4C0B /* GoStop */,
				E5558FFAA49E2B37D7B990BE /* GoStopCLI */,
				4324CA91F53CA59ECA362D5C /* GoStopTests */,
				4CB2446D2E2CFC1A122EFBB4 /* Products */,
			);
			sourceTree = "<group>";
		};
		D338C3D47105DD0BD4179F62 /* Resources */ = {
			isa = PBXGroup;
			children = (
				7FBDDC028B566FC10259D51C /* layout_hwatu.json */,
				FDF9B6B8094E7BBA663D7D0E /* Pixel_Paradise_Groove.mp3 */,
				B5F77E3038A87D0684F2961D /* rule.yaml */,
			);
			path = Resources;
			sourceTree = "<group>";
		};
		DB5D0F23A6190328CF3C4C0B /* GoStop */ = {
			isa = PBXGroup;
			children = (
				4A3C1F6EB55586E9BE2C8E36 /* Assets.xcassets */,
				B8C0FD4111DFE67FB4B8757A /* ContentView.swift */,
				7012D53468CE7DEC0511F7AE /* GoStopApp.swift */,
				1159B74760341B7FD625C040 /* Info.plist */,
				5ED4756C56D9198EA7BB75DE /* replace_images.py */,
				53C4E3404BDA3921EE5B0201 /* Core */,
				A6E60CE93D76969F0E23DBF7 /* Models */,
				D338C3D47105DD0BD4179F62 /* Resources */,
				39787C496A85E0AEDF6DA440 /* Views */,
			);
			path = GoStop;
			sourceTree = "<group>";
		};
		E5558FFAA49E2B37D7B990BE /* GoStopCLI */ = {
			isa = PBXGroup;
			children = (
				159C810168F262CE9273796F /* main.swift */,
			);
			path = GoStopCLI;
			sourceTree = "<group>";
		};
/* End PBXGroup section */

/* Begin PBXNativeTarget section */
		A82194C81A40D4649BC7B765 /* GoStop */ = {
			isa = PBXNativeTarget;
			buildConfigurationList = 3203AFEDDD860A4536CCB147 /* Build configuration list for PBXNativeTarget "GoStop" */;
			buildPhases = (
				F3EAB6DC9AFD7213A7BE4BEA /* Sources */,
				B50273A6F20F4DF3DEFEF993 /* Resources */,
				4D2D7874BD86DC1F4509E95F /* Frameworks */,
			);
			buildRules = (
			);
			dependencies = (
			);
			name = GoStop;
			packageProductDependencies = (
				0C4B856C14FB1AD4611276B9 /* Yams */,
			);
			productName = GoStop;
			productReference = E802832BAB9D5CCCB8D64414 /* GoStop.app */;
			productType = "com.apple.product-type.application";
		};
		D0155AA2A65007885136B7AA /* GoStopTests */ = {
			isa = PBXNativeTarget;
			buildConfigurationList = 3B8DED20828C05F24596B873 /* Build configuration list for PBXNativeTarget "GoStopTests" */;
			buildPhases = (
				DFE11A0A723D9F00D73F6E17 /* Sources */,
			);
			buildRules = (
			);
			dependencies = (
				02A8CA8EF495533FFBFB0C50 /* PBXTargetDependency */,
			);
			name = GoStopTests;
			packageProductDependencies = (
			);
			productName = GoStopTests;
			productReference = B67ACAB0F7C90D1925FA8BC6 /* GoStopTests.xctest */;
			productType = "com.apple.product-type.bundle.unit-test";
		};
		E5DAAA6D5B1A4D9F22FD9CB7 /* GoStopCLI */ = {
			isa = PBXNativeTarget;
			buildConfigurationList = 3C00CCDCCA3C096E07A7882F /* Build configuration list for PBXNativeTarget "GoStopCLI" */;
			buildPhases = (
				869D1D8FE6FA71A9147B91CD /* Sources */,
				D8B3733556BE837A8E70C700 /* Resources */,
				B45960CB9F2CF4794C787233 /* Frameworks */,
			);
			buildRules = (
			);
			dependencies = (
			);
			name = GoStopCLI;
			packageProductDependencies = (
				782B42C2325803807AC3EBC4 /* Yams */,
			);
			productName = GoStopCLI;
			productReference = 307B0A27C609202DD546A40A /* GoStopCLI */;
			productType = "com.apple.product-type.tool";
		};
/* End PBXNativeTarget section */

/* Begin PBXProject section */
		396C3B9A28819039C2F13C8A /* Project object */ = {
			isa = PBXProject;
			attributes = {
				BuildIndependentTargetsInParallel = YES;
				LastUpgradeCheck = 1430;
				TargetAttributes = {
					A82194C81A40D4649BC7B765 = {
						ProvisioningStyle = Automatic;
					};
				};
			};
			buildConfigurationList = 27FBD34375465329B77CA194 /* Build configuration list for PBXProject "GoStop" */;
			compatibilityVersion = "Xcode 14.0";
			developmentRegion = en;
			hasScannedForEncodings = 0;
			knownRegions = (
				Base,
				en,
			);
			mainGroup = B1A19B794E9508A21B11D25C;
			minimizedProjectReferenceProxies = 1;
			packageReferences = (
				8067FC4FB28066011D3F927B /* XCRemoteSwiftPackageReference "Yams" */,
			);
			projectDirPath = "";
			projectRoot = "";
			targets = (
				A82194C81A40D4649BC7B765 /* GoStop */,
				E5DAAA6D5B1A4D9F22FD9CB7 /* GoStopCLI */,
				D0155AA2A65007885136B7AA /* GoStopTests */,
			);
		};
/* End PBXProject section */

/* Begin PBXResourcesBuildPhase section */
		B50273A6F20F4DF3DEFEF993 /* Resources */ = {
			isa = PBXResourcesBuildPhase;
			buildActionMask = 2147483647;
			files = (
				F95644401EAA22B21356588D /* Assets.xcassets in Resources */,
				F618CAD8BE7161E2EF105F13 /* Pixel_Paradise_Groove.mp3 in Resources */,
				0A51A5C805AD7B89B9629632 /* layout_hwatu.json in Resources */,
				E7421836888772ACFC22C581 /* replace_images.py in Resources */,
				382086F1D4678D7A44AFEE6E /* rule.yaml in Resources */,
			);
			runOnlyForDeploymentPostprocessing = 0;
		};
		D8B3733556BE837A8E70C700 /* Resources */ = {
			isa = PBXResourcesBuildPhase;
			buildActionMask = 2147483647;
			files = (
				2213E7E34BA30D7E97366273 /* Pixel_Paradise_Groove.mp3 in Resources */,
				1447E916E4EEA0AB610C9DAC /* layout_hwatu.json in Resources */,
				13AA39B13AD565444986FE26 /* rule.yaml in Resources */,
			);
			runOnlyForDeploymentPostprocessing = 0;
		};
/* End PBXResourcesBuildPhase section */

/* Begin PBXSourcesBuildPhase section */
		869D1D8FE6FA71A9147B91CD /* Sources */ = {
			isa = PBXSourcesBuildPhase;
			buildActionMask = 2147483647;
			files = (
				ABD95E004FE2778D4B2BFD78 /* AudioManager.swift in Sources */,
				ACBB19108BB2F7E1329AB3EA /* Card.swift in Sources */,
				541288BE1C1519BE2B7AE083 /* ConfigManager.swift in Sources */,
				E7E1A6CBEEB38C0BD1A1B3C2 /* Deck.swift in Sources */,
				57E27E35C2BE9FD52C7DAA0E /* GameManager.swift in Sources */,
				B0DBC6BF9FCA8453CB3B0FE4 /* LayoutConfig.swift in Sources */,
				89D4C50CC12F800CCB24D5EA /* LayoutConfigV2.swift in Sources */,
				9EAF94310537CBCB3CE79C2A /* LayoutContext.swift in Sources */,
				33B94FCF62AD0125A4518094 /* PenaltySystem.swift in Sources */,
				191BB9B8BDE5DDAE9E15BE36 /* Player.swift in Sources */,
				333625062232E46D6E78948F /* PlayerHandSlotManager.swift in Sources */,
				D647DAF14263DC898EF7E864 /* RuleConfig.swift in Sources */,
				C6EA8898DE29CBD4BD1297FB /* ScoringSystem.swift in Sources */,
				CCC8CAA072A943D537B4AD09 /* SimulatorBridge.swift in Sources */,
				5B5DD40D481D19BFC2AFB9EC /* TableSlotManager.swift in Sources */,
				37977AD098390474259748DB /* main.swift in Sources */,
			);
			runOnlyForDeploymentPostprocessing = 0;
		};
		DFE11A0A723D9F00D73F6E17 /* Sources */ = {
			isa = PBXSourcesBuildPhase;
			buildActionMask = 2147483647;
			files = (
				23D2B878BF856936154BE3BC /* GoStopTests.swift in Sources */,
			);
			runOnlyForDeploymentPostprocessing = 0;
		};
		F3EAB6DC9AFD7213A7BE4BEA /* Sources */ = {
			isa = PBXSourcesBuildPhase;
			buildActionMask = 2147483647;
			files = (
				2A99D27AFA716635BD8BC829 /* AudioManager.swift in Sources */,
				B5EED1311F05C120AF7DA6E8 /* Card.swift in Sources */,
				FF8FF5B2CD92C35D053EDDDB /* CardView.swift in Sources */,
				60B025C8886D9FE3C4D8B010 /* ConfigManager.swift in Sources */,
				62FCE0F439432138C743176A /* ContentView.swift in Sources */,
				912AAFDB854A8A756615D5D9 /* DebugEndgameSummaryView.swift in Sources */,
				1C3280E8402A7ECBDC98D1BA /* DebugLayoutOverlayV2.swift in Sources */,
				808657D99FB2F8247B9D373F /* Deck.swift in Sources */,
				7191E1B975ABC707C15A1FF2 /* GameAreaViews.swift in Sources */,
				E10C501280BC9C36380E8474 /* GameManager.swift in Sources */,
				B597523E68A8A42654B8DD0F /* GameView.swift in Sources */,
				59AAB1C8D0D8BED80BEFA314 /* GoStopApp.swift in Sources */,
				F79C65E2DC08F09BBA61EFE8 /* LayoutConfig.swift in Sources */,
				A8E8EE127772993DF00F279D /* LayoutConfigV2.swift in Sources */,
				29E2F53E72ED922B7A2956C2 /* LayoutContext.swift in Sources */,
				5B299B27BA991E7E6C90AC94 /* PenaltySystem.swift in Sources */,
				0B20DD2801F7CBBF74EA9F8E /* Player.swift in Sources */,
				621E32AC8A5257900A991AC4 /* PlayerHandSlotManager.swift in Sources */,
				D5F056BDDFEC23830D855C8B /* RuleConfig.swift in Sources */,
				000CC2A3B7490B3336A542B2 /* RuleSettingsView.swift in Sources */,
				CA5E4294DC9C4A786488AA0C /* ScoringSystem.swift in Sources */,
				5E0C21BF00A4D5D5A32CBB78 /* SimulatorBridge.swift in Sources */,
				C4E5C5B23D59D1A9058F7DB5 /* TableSlotManager.swift in Sources */,
			);
			runOnlyForDeploymentPostprocessing = 0;
		};
/* End PBXSourcesBuildPhase section */

/* Begin PBXTargetDependency section */
		02A8CA8EF495533FFBFB0C50 /* PBXTargetDependency */ = {
			isa = PBXTargetDependency;
			target = A82194C81A40D4649BC7B765 /* GoStop */;
			targetProxy = A3EE6C4843153C138A85C0E1 /* PBXContainerItemProxy */;
		};
/* End PBXTargetDependency section */

/* Begin XCBuildConfiguration section */
		11AD8B471FADE92A4510F7A5 /* Release */ = {
			isa = XCBuildConfiguration;
			buildSettings = {
				BUNDLE_LOADER = "$(TEST_HOST)";
				GENERATE_INFOPLIST_FILE = YES;
				LD_RUNPATH_SEARCH_PATHS = (
					"$(inherited)",
					"@executable_path/Frameworks",
					"@loader_path/Frameworks",
				);
				PRODUCT_BUNDLE_IDENTIFIER = com.antigravity.GoStopTests;
				SDKROOT = iphoneos;
				TARGETED_DEVICE_FAMILY = "1,2";
				TEST_HOST = "$(BUILT_PRODUCTS_DIR)/GoStop.app/GoStop";
			};
			name = Release;
		};
		1B7FF8911BB79F9C08200693 /* Release */ = {
			isa = XCBuildConfiguration;
			buildSettings = {
				ASSETCATALOG_COMPILER_APPICON_NAME = AppIcon;
				CODE_SIGN_IDENTITY = "iPhone Developer";
				CODE_SIGN_STYLE = Automatic;
				DEVELOPMENT_TEAM = CX4GUZT9FS;
				ENABLE_PREVIEWS = YES;
				INFOPLIST_FILE = GoStop/Info.plist;
				INFOPLIST_KEY_CFBundleDisplayName = GoStop;
				LD_RUNPATH_SEARCH_PATHS = (
					"$(inherited)",
					"@executable_path/Frameworks",
				);
				PRODUCT_BUNDLE_IDENTIFIER = com.konlona.GoStop;
				SDKROOT = iphoneos;
				TARGETED_DEVICE_FAMILY = "1,2";
			};
			name = Release;
		};
		1D3852510F7429481D85D049 /* Debug */ = {
			isa = XCBuildConfiguration;
			buildSettings = {
				ASSETCATALOG_COMPILER_APPICON_NAME = AppIcon;
				CODE_SIGN_IDENTITY = "iPhone Developer";
				CODE_SIGN_STYLE = Automatic;
				DEVELOPMENT_TEAM = CX4GUZT9FS;
				ENABLE_PREVIEWS = YES;
				INFOPLIST_FILE = GoStop/Info.plist;
				INFOPLIST_KEY_CFBundleDisplayName = GoStop;
				LD_RUNPATH_SEARCH_PATHS = (
					"$(inherited)",
					"@executable_path/Frameworks",
				);
				PRODUCT_BUNDLE_IDENTIFIER = com.konlona.GoStop;
				SDKROOT = iphoneos;
				TARGETED_DEVICE_FAMILY = "1,2";
			};
			name = Debug;
		};
		324BC102F77F0107DBA11929 /* Debug */ = {
			isa = XCBuildConfiguration;
			buildSettings = {
				ALWAYS_SEARCH_USER_PATHS = NO;
				CLANG_ANALYZER_NONNULL = YES;
				CLANG_ANALYZER_NUMBER_OBJECT_CONVERSION = YES_AGGRESSIVE;
				CLANG_CXX_LANGUAGE_STANDARD = "gnu++14";
				CLANG_CXX_LIBRARY = "libc++";
				CLANG_ENABLE_MODULES = YES;
				CLANG_ENABLE_OBJC_ARC = YES;
				CLANG_ENABLE_OBJC_WEAK = YES;
				CLANG_WARN_BLOCK_CAPTURE_AUTORELEASING = YES;
				CLANG_WARN_BOOL_CONVERSION = YES;
				CLANG_WARN_COMMA = YES;
				CLANG_WARN_CONSTANT_CONVERSION = YES;
				CLANG_WARN_DEPRECATED_OBJC_IMPLEMENTATIONS = YES;
				CLANG_WARN_DIRECT_OBJC_ISA_USAGE = YES_ERROR;
				CLANG_WARN_DOCUMENTATION_COMMENTS = YES;
				CLANG_WARN_EMPTY_BODY = YES;
				CLANG_WARN_ENUM_CONVERSION = YES;
				CLANG_WARN_INFINITE_RECURSION = YES;
				CLANG_WARN_INT_CONVERSION = YES;
				CLANG_WARN_NON_LITERAL_NULL_CONVERSION = YES;
				CLANG_WARN_OBJC_IMPLICIT_RETAIN_SELF = YES;
				CLANG_WARN_OBJC_LITERAL_CONVERSION = YES;
				CLANG_WARN_OBJC_ROOT_CLASS = YES_ERROR;
				CLANG_WARN_QUOTED_INCLUDE_IN_FRAMEWORK_HEADER = YES;
				CLANG_WARN_RANGE_LOOP_ANALYSIS = YES;
				CLANG_WARN_STRICT_PROTOTYPES = YES;
				CLANG_WARN_SUSPICIOUS_MOVE = YES;
				CLANG_WARN_UNGUARDED_AVAILABILITY = YES_AGGRESSIVE;
				CLANG_WARN_UNREACHABLE_CODE = YES;
				CLANG_WARN__DUPLICATE_METHOD_MATCH = YES;
				COPY_PHASE_STRIP = NO;
				DEBUG_INFORMATION_FORMAT = dwarf;
				ENABLE_STRICT_OBJC_MSGSEND = YES;
				ENABLE_TESTABILITY = YES;
				GCC_C_LANGUAGE_STANDARD = gnu11;
				GCC_DYNAMIC_NO_PIC = NO;
				GCC_NO_COMMON_BLOCKS = YES;
				GCC_OPTIMIZATION_LEVEL = 0;
				GCC_PREPROCESSOR_DEFINITIONS = (
					"$(inherited)",
					"DEBUG=1",
				);
				GCC_WARN_64_TO_32_BIT_CONVERSION = YES;
				GCC_WARN_ABOUT_RETURN_TYPE = YES_ERROR;
				GCC_WARN_UNDECLARED_SELECTOR = YES;
				GCC_WARN_UNINITIALIZED_AUTOS = YES_AGGRESSIVE;
				GCC_WARN_UNUSED_FUNCTION = YES;
				GCC_WARN_UNUSED_VARIABLE = YES;
				IPHONEOS_DEPLOYMENT_TARGET = 16.0;
				MTL_ENABLE_DEBUG_INFO = INCLUDE_SOURCE;
				MTL_FAST_MATH = YES;
				ONLY_ACTIVE_ARCH = YES;
				PRODUCT_NAME = "$(TARGET_NAME)";
				SWIFT_ACTIVE_COMPILATION_CONDITIONS = DEBUG;
				SWIFT_OPTIMIZATION_LEVEL = "-Onone";
				SWIFT_VERSION = 5.0;
			};
			name = Debug;
		};
		45BBD9C621F457EDB9C68C23 /* Debug */ = {
			isa = XCBuildConfiguration;
			buildSettings = {
				BUNDLE_LOADER = "$(TEST_HOST)";
				GENERATE_INFOPLIST_FILE = YES;
				LD_RUNPATH_SEARCH_PATHS = (
					"$(inherited)",
					"@executable_path/Frameworks",
					"@loader_path/Frameworks",
				);
				PRODUCT_BUNDLE_IDENTIFIER = com.antigravity.GoStopTests;
				SDKROOT = iphoneos;
				TARGETED_DEVICE_FAMILY = "1,2";
				TEST_HOST = "$(BUILT_PRODUCTS_DIR)/GoStop.app/GoStop";
			};
			name = Debug;
		};
		879D0D1F0243B73E549C77D7 /* Debug */ = {
			isa = XCBuildConfiguration;
			buildSettings = {
				COMBINE_HIDPI_IMAGES = YES;
				LD_RUNPATH_SEARCH_PATHS = (
					"$(inherited)",
					"@executable_path/../Frameworks",
				);
				PRODUCT_BUNDLE_IDENTIFIER = com.antigravity.GoStopCLI;
				PRODUCT_NAME = GoStopCLI;
				SDKROOT = macosx;
			};
			name = Debug;
		};
		E733B82A1F1789DA78783C0B /* Release */ = {
			isa = XCBuildConfiguration;
			buildSettings = {
				COMBINE_HIDPI_IMAGES = YES;
				LD_RUNPATH_SEARCH_PATHS = (
					"$(inherited)",
					"@executable_path/../Frameworks",
				);
				PRODUCT_BUNDLE_IDENTIFIER = com.antigravity.GoStopCLI;
				PRODUCT_NAME = GoStopCLI;
				SDKROOT = macosx;
			};
			name = Release;
		};
		F50D944A0006DB62B46E7DF3 /* Release */ = {
			isa = XCBuildConfiguration;
			buildSettings = {
				ALWAYS_SEARCH_USER_PATHS = NO;
				CLANG_ANALYZER_NONNULL = YES;
				CLANG_ANALYZER_NUMBER_OBJECT_CONVERSION = YES_AGGRESSIVE;
				CLANG_CXX_LANGUAGE_STANDARD = "gnu++14";
				CLANG_CXX_LIBRARY = "libc++";
				CLANG_ENABLE_MODULES = YES;
				CLANG_ENABLE_OBJC_ARC = YES;
				CLANG_ENABLE_OBJC_WEAK = YES;
				CLANG_WARN_BLOCK_CAPTURE_AUTORELEASING = YES;
				CLANG_WARN_BOOL_CONVERSION = YES;
				CLANG_WARN_COMMA = YES;
				CLANG_WARN_CONSTANT_CONVERSION = YES;
				CLANG_WARN_DEPRECATED_OBJC_IMPLEMENTATIONS = YES;
				CLANG_WARN_DIRECT_OBJC_ISA_USAGE = YES_ERROR;
				CLANG_WARN_DOCUMENTATION_COMMENTS = YES;
				CLANG_WARN_EMPTY_BODY = YES;
				CLANG_WARN_ENUM_CONVERSION = YES;
				CLANG_WARN_INFINITE_RECURSION = YES;
				CLANG_WARN_INT_CONVERSION = YES;
				CLANG_WARN_NON_LITERAL_NULL_CONVERSION = YES;
				CLANG_WARN_OBJC_IMPLICIT_RETAIN_SELF = YES;
				CLANG_WARN_OBJC_LITERAL_CONVERSION = YES;
				CLANG_WARN_OBJC_ROOT_CLASS = YES_ERROR;
				CLANG_WARN_QUOTED_INCLUDE_IN_FRAMEWORK_HEADER = YES;
				CLANG_WARN_RANGE_LOOP_ANALYSIS = YES;
				CLANG_WARN_STRICT_PROTOTYPES = YES;
				CLANG_WARN_SUSPICIOUS_MOVE = YES;
				CLANG_WARN_UNGUARDED_AVAILABILITY = YES_AGGRESSIVE;
				CLANG_WARN_UNREACHABLE_CODE = YES;
				CLANG_WARN__DUPLICATE_METHOD_MATCH = YES;
				COPY_PHASE_STRIP = NO;
				DEBUG_INFORMATION_FORMAT = "dwarf-with-dsym";
				ENABLE_NS_ASSERTIONS = NO;
				ENABLE_STRICT_OBJC_MSGSEND = YES;
				GCC_C_LANGUAGE_STANDARD = gnu11;
				GCC_NO_COMMON_BLOCKS = YES;
				GCC_WARN_64_TO_32_BIT_CONVERSION = YES;
				GCC_WARN_ABOUT_RETURN_TYPE = YES_ERROR;
				GCC_WARN_UNDECLARED_SELECTOR = YES;
				GCC_WARN_UNINITIALIZED_AUTOS = YES_AGGRESSIVE;
				GCC_WARN_UNUSED_FUNCTION = YES;
				GCC_WARN_UNUSED_VARIABLE = YES;
				IPHONEOS_DEPLOYMENT_TARGET = 16.0;
				MTL_ENABLE_DEBUG_INFO = NO;
				MTL_FAST_MATH = YES;
				PRODUCT_NAME = "$(TARGET_NAME)";
				SWIFT_COMPILATION_MODE = wholemodule;
				SWIFT_OPTIMIZATION_LEVEL = "-O";
				SWIFT_VERSION = 5.0;
			};
			name = Release;
		};
/* End XCBuildConfiguration section */

/* Begin XCConfigurationList section */
		27FBD34375465329B77CA194 /* Build configuration list for PBXProject "GoStop" */ = {
			isa = XCConfigurationList;
			buildConfigurations = (
				324BC102F77F0107DBA11929 /* Debug */,
				F50D944A0006DB62B46E7DF3 /* Release */,
			);
			defaultConfigurationIsVisible = 0;
			defaultConfigurationName = Debug;
		};
		3203AFEDDD860A4536CCB147 /* Build configuration list for PBXNativeTarget "GoStop" */ = {
			isa = XCConfigurationList;
			buildConfigurations = (
				1D3852510F7429481D85D049 /* Debug */,
				1B7FF8911BB79F9C08200693 /* Release */,
			);
			defaultConfigurationIsVisible = 0;
			defaultConfigurationName = Debug;
		};
		3B8DED20828C05F24596B873 /* Build configuration list for PBXNativeTarget "GoStopTests" */ = {
			isa = XCConfigurationList;
			buildConfigurations = (
				45BBD9C621F457EDB9C68C23 /* Debug */,
				11AD8B471FADE92A4510F7A5 /* Release */,
			);
			defaultConfigurationIsVisible = 0;
			defaultConfigurationName = Debug;
		};
		3C00CCDCCA3C096E07A7882F /* Build configuration list for PBXNativeTarget "GoStopCLI" */ = {
			isa = XCConfigurationList;
			buildConfigurations = (
				879D0D1F0243B73E549C77D7 /* Debug */,
				E733B82A1F1789DA78783C0B /* Release */,
			);
			defaultConfigurationIsVisible = 0;
			defaultConfigurationName = Debug;
		};
/* End XCConfigurationList section */

/* Begin XCRemoteSwiftPackageReference section */
		8067FC4FB28066011D3F927B /* XCRemoteSwiftPackageReference "Yams" */ = {
			isa = XCRemoteSwiftPackageReference;
			repositoryURL = "https://github.com/jpsim/Yams.git";
			requirement = {
				kind = upToNextMajorVersion;
				minimumVersion = 5.0.6;
			};
		};
/* End XCRemoteSwiftPackageReference section */

/* Begin XCSwiftPackageProductDependency section */
		0C4B856C14FB1AD4611276B9 /* Yams */ = {
			isa = XCSwiftPackageProductDependency;
			package = 8067FC4FB28066011D3F927B /* XCRemoteSwiftPackageReference "Yams" */;
			productName = Yams;
		};
		782B42C2325803807AC3EBC4 /* Yams */ = {
			isa = XCSwiftPackageProductDependency;
			package = 8067FC4FB28066011D3F927B /* XCRemoteSwiftPackageReference "Yams" */;
			productName = Yams;
		};
/* End XCSwiftPackageProductDependency section */
	};
	rootObject = 396C3B9A28819039C2F13C8A /* Project object */;
}
